
Microsoft Visual Studio Solution File, Format Version 12.00
# Visual Studio 15
VisualStudioVersion = 15.0.26430.12
MinimumVisualStudioVersion = 10.0.40219.1
Project("{9A19103F-16F7-4668-BE54-9A1E7A4F7556}") = "Box-GraphQL-Wrapper", "Box-GraphQL-Wrapper\Box-GraphQL-Wrapper.csproj", "{28CF1BF9-B817-4E6D-A31C-E9642C65566A}"
EndProject
Project("{FAE04EC0-301F-11D3-BF4B-00C04F79EFBC}") = "Box-GraphQL-Wrapper.Backend", "Box-GraphQL-Wrapper.Backend\Box-GraphQL-Wrapper.Backend.csproj", "{ADD3C202-EAC0-4157-B722-F1060A4E9179}"
EndProject
Project("{FAE04EC0-301F-11D3-BF4B-00C04F79EFBC}") = "Box-GraphQL-Wrapper.Interfaces", "Box-GraphQL-Wrapper.Interfaces\Box-GraphQL-Wrapper.Interfaces.csproj", "{B926FEFF-F410-41BE-BEA7-CBB457B94730}"
EndProject
Global
	GlobalSection(SolutionConfigurationPlatforms) = preSolution
		Debug|Any CPU = Debug|Any CPU
		Release|Any CPU = Release|Any CPU
	EndGlobalSection
	GlobalSection(ProjectConfigurationPlatforms) = postSolution
		{28CF1BF9-B817-4E6D-A31C-E9642C65566A}.Debug|Any CPU.ActiveCfg = Debug|Any CPU
		{28CF1BF9-B817-4E6D-A31C-E9642C65566A}.Debug|Any CPU.Build.0 = Debug|Any CPU
		{28CF1BF9-B817-4E6D-A31C-E9642C65566A}.Release|Any CPU.ActiveCfg = Release|Any CPU
		{28CF1BF9-B817-4E6D-A31C-E9642C65566A}.Release|Any CPU.Build.0 = Release|Any CPU
		{ADD3C202-EAC0-4157-B722-F1060A4E9179}.Debug|Any CPU.ActiveCfg = Debug|Any CPU
		{ADD3C202-EAC0-4157-B722-F1060A4E9179}.Debug|Any CPU.Build.0 = Debug|Any CPU
		{ADD3C202-EAC0-4157-B722-F1060A4E9179}.Release|Any CPU.ActiveCfg = Release|Any CPU
		{ADD3C202-EAC0-4157-B722-F1060A4E9179}.Release|Any CPU.Build.0 = Release|Any CPU
		{B926FEFF-F410-41BE-BEA7-CBB457B94730}.Debug|Any CPU.ActiveCfg = Debug|Any CPU
		{B926FEFF-F410-41BE-BEA7-CBB457B94730}.Debug|Any CPU.Build.0 = Debug|Any CPU
		{B926FEFF-F410-41BE-BEA7-CBB457B94730}.Release|Any CPU.ActiveCfg = Release|Any CPU
		{B926FEFF-F410-41BE-BEA7-CBB457B94730}.Release|Any CPU.Build.0 = Release|Any CPU
	EndGlobalSection
	GlobalSection(SolutionProperties) = preSolution
		HideSolutionNode = FALSE
	EndGlobalSection
EndGlobal
